// !$*UTF8*$!
{
	archiveVersion = 1;
	classes = {
	};
	objectVersion = 46;
	objects = {

/* Begin PBXBuildFile section */
		141DF3DA1F2E1A2100AC3EAD /* AppDelegate.swift in Sources */ = {isa = PBXBuildFile; fileRef = 141DF3D91F2E1A2100AC3EAD /* AppDelegate.swift */; };
		141DF3DC1F2E1A2100AC3EAD /* ViewController.swift in Sources */ = {isa = PBXBuildFile; fileRef = 141DF3DB1F2E1A2100AC3EAD /* ViewController.swift */; };
		141DF3DE1F2E1A2100AC3EAD /* Assets.xcassets in Resources */ = {isa = PBXBuildFile; fileRef = 141DF3DD1F2E1A2100AC3EAD /* Assets.xcassets */; };
		141DF3E11F2E1A2100AC3EAD /* Main.storyboard in Resources */ = {isa = PBXBuildFile; fileRef = 141DF3DF1F2E1A2100AC3EAD /* Main.storyboard */; };
		141DF3EC1F2E1A2100AC3EAD /* AcapellaBot_BLE_DispatcherTests.swift in Sources */ = {isa = PBXBuildFile; fileRef = 141DF3EB1F2E1A2100AC3EAD /* AcapellaBot_BLE_DispatcherTests.swift */; };
		141DF3F71F2E1A2200AC3EAD /* AcapellaBot_BLE_DispatcherUITests.swift in Sources */ = {isa = PBXBuildFile; fileRef = 141DF3F61F2E1A2200AC3EAD /* AcapellaBot_BLE_DispatcherUITests.swift */; };
		AC97BAFD8271B60879C984D0 /* Pods_AcapellaBot_BLE_Dispatcher.framework in Frameworks */ = {isa = PBXBuildFile; fileRef = 75A856E17003FBB2A211D662 /* Pods_AcapellaBot_BLE_Dispatcher.framework */; };
/* End PBXBuildFile section */

/* Begin PBXContainerItemProxy section */
		141DF3E81F2E1A2100AC3EAD /* PBXContainerItemProxy */ = {
			isa = PBXContainerItemProxy;
			containerPortal = 141DF3CE1F2E1A2100AC3EAD /* Project object */;
			proxyType = 1;
			remoteGlobalIDString = 141DF3D51F2E1A2100AC3EAD;
			remoteInfo = "AcapellaBot BLE Dispatcher";
		};
		141DF3F31F2E1A2200AC3EAD /* PBXContainerItemProxy */ = {
			isa = PBXContainerItemProxy;
			containerPortal = 141DF3CE1F2E1A2100AC3EAD /* Project object */;
			proxyType = 1;
			remoteGlobalIDString = 141DF3D51F2E1A2100AC3EAD;
			remoteInfo = "AcapellaBot BLE Dispatcher";
		};
/* End PBXContainerItemProxy section */

/* Begin PBXFileReference section */
		09396697D6DC6D5A82D8D8F0 /* Pods-AcapellaBot BLE Dispatcher.debug.xcconfig */ = {isa = PBXFileReference; includeInIndex = 1; lastKnownFileType = text.xcconfig; name = "Pods-AcapellaBot BLE Dispatcher.debug.xcconfig"; path = "Pods/Target Support Files/Pods-AcapellaBot BLE Dispatcher/Pods-AcapellaBot BLE Dispatcher.debug.xcconfig"; sourceTree = "<group>"; };
		141DF3D61F2E1A2100AC3EAD /* AcapellaBot BLE Dispatcher.app */ = {isa = PBXFileReference; explicitFileType = wrapper.application; includeInIndex = 0; path = "AcapellaBot BLE Dispatcher.app"; sourceTree = BUILT_PRODUCTS_DIR; };
		141DF3D91F2E1A2100AC3EAD /* AppDelegate.swift */ = {isa = PBXFileReference; lastKnownFileType = sourcecode.swift; path = AppDelegate.swift; sourceTree = "<group>"; };
		141DF3DB1F2E1A2100AC3EAD /* ViewController.swift */ = {isa = PBXFileReference; lastKnownFileType = sourcecode.swift; path = ViewController.swift; sourceTree = "<group>"; };
		141DF3DD1F2E1A2100AC3EAD /* Assets.xcassets */ = {isa = PBXFileReference; lastKnownFileType = folder.assetcatalog; path = Assets.xcassets; sourceTree = "<group>"; };
		141DF3E01F2E1A2100AC3EAD /* Base */ = {isa = PBXFileReference; lastKnownFileType = file.storyboard; name = Base; path = Base.lproj/Main.storyboard; sourceTree = "<group>"; };
		141DF3E21F2E1A2100AC3EAD /* Info.plist */ = {isa = PBXFileReference; lastKnownFileType = text.plist.xml; path = Info.plist; sourceTree = "<group>"; };
		141DF3E71F2E1A2100AC3EAD /* AcapellaBot BLE DispatcherTests.xctest */ = {isa = PBXFileReference; explicitFileType = wrapper.cfbundle; includeInIndex = 0; path = "AcapellaBot BLE DispatcherTests.xctest"; sourceTree = BUILT_PRODUCTS_DIR; };
		141DF3EB1F2E1A2100AC3EAD /* AcapellaBot_BLE_DispatcherTests.swift */ = {isa = PBXFileReference; lastKnownFileType = sourcecode.swift; path = AcapellaBot_BLE_DispatcherTests.swift; sourceTree = "<group>"; };
		141DF3ED1F2E1A2100AC3EAD /* Info.plist */ = {isa = PBXFileReference; lastKnownFileType = text.plist.xml; path = Info.plist; sourceTree = "<group>"; };
		141DF3F21F2E1A2200AC3EAD /* AcapellaBot BLE DispatcherUITests.xctest */ = {isa = PBXFileReference; explicitFileType = wrapper.cfbundle; includeInIndex = 0; path = "AcapellaBot BLE DispatcherUITests.xctest"; sourceTree = BUILT_PRODUCTS_DIR; };
		141DF3F61F2E1A2200AC3EAD /* AcapellaBot_BLE_DispatcherUITests.swift */ = {isa = PBXFileReference; lastKnownFileType = sourcecode.swift; path = AcapellaBot_BLE_DispatcherUITests.swift; sourceTree = "<group>"; };
		141DF3F81F2E1A2200AC3EAD /* Info.plist */ = {isa = PBXFileReference; lastKnownFileType = text.plist.xml; path = Info.plist; sourceTree = "<group>"; };
		75A856E17003FBB2A211D662 /* Pods_AcapellaBot_BLE_Dispatcher.framework */ = {isa = PBXFileReference; explicitFileType = wrapper.framework; includeInIndex = 0; path = Pods_AcapellaBot_BLE_Dispatcher.framework; sourceTree = BUILT_PRODUCTS_DIR; };
		FBB621478A899EE0516B9AD2 /* Pods-AcapellaBot BLE Dispatcher.release.xcconfig */ = {isa = PBXFileReference; includeInIndex = 1; lastKnownFileType = text.xcconfig; name = "Pods-AcapellaBot BLE Dispatcher.release.xcconfig"; path = "Pods/Target Support Files/Pods-AcapellaBot BLE Dispatcher/Pods-AcapellaBot BLE Dispatcher.release.xcconfig"; sourceTree = "<group>"; };
/* End PBXFileReference section */

/* Begin PBXFrameworksBuildPhase section */
		141DF3D31F2E1A2100AC3EAD /* Frameworks */ = {
			isa = PBXFrameworksBuildPhase;
			buildActionMask = 2147483647;
			files = (
				AC97BAFD8271B60879C984D0 /* Pods_AcapellaBot_BLE_Dispatcher.framework in Frameworks */,
			);
			runOnlyForDeploymentPostprocessing = 0;
		};
		141DF3E41F2E1A2100AC3EAD /* Frameworks */ = {
			isa = PBXFrameworksBuildPhase;
			buildActionMask = 2147483647;
			files = (
			);
			runOnlyForDeploymentPostprocessing = 0;
		};
		141DF3EF1F2E1A2100AC3EAD /* Frameworks */ = {
			isa = PBXFrameworksBuildPhase;
			buildActionMask = 2147483647;
			files = (
			);
			runOnlyForDeploymentPostprocessing = 0;
		};
/* End PBXFrameworksBuildPhase section */

/* Begin PBXGroup section */
		141DF3CD1F2E1A2100AC3EAD = {
			isa = PBXGroup;
			children = (
				141DF3D81F2E1A2100AC3EAD /* AcapellaBot BLE Dispatcher */,
				141DF3EA1F2E1A2100AC3EAD /* AcapellaBot BLE DispatcherTests */,
				141DF3F51F2E1A2200AC3EAD /* AcapellaBot BLE DispatcherUITests */,
				141DF3D71F2E1A2100AC3EAD /* Products */,
				141DF4041F2E31E200AC3EAD /* Frameworks */,
				EB2EB1578BB089A8244EB4E1 /* Pods */,
			);
			sourceTree = "<group>";
		};
		141DF3D71F2E1A2100AC3EAD /* Products */ = {
			isa = PBXGroup;
			children = (
				141DF3D61F2E1A2100AC3EAD /* AcapellaBot BLE Dispatcher.app */,
				141DF3E71F2E1A2100AC3EAD /* AcapellaBot BLE DispatcherTests.xctest */,
				141DF3F21F2E1A2200AC3EAD /* AcapellaBot BLE DispatcherUITests.xctest */,
			);
			name = Products;
			sourceTree = "<group>";
		};
		141DF3D81F2E1A2100AC3EAD /* AcapellaBot BLE Dispatcher */ = {
			isa = PBXGroup;
			children = (
				141DF3D91F2E1A2100AC3EAD /* AppDelegate.swift */,
				141DF3DB1F2E1A2100AC3EAD /* ViewController.swift */,
				141DF3DD1F2E1A2100AC3EAD /* Assets.xcassets */,
				141DF3DF1F2E1A2100AC3EAD /* Main.storyboard */,
				141DF3E21F2E1A2100AC3EAD /* Info.plist */,
			);
			path = "AcapellaBot BLE Dispatcher";
			sourceTree = "<group>";
		};
		141DF3EA1F2E1A2100AC3EAD /* AcapellaBot BLE DispatcherTests */ = {
			isa = PBXGroup;
			children = (
				141DF3EB1F2E1A2100AC3EAD /* AcapellaBot_BLE_DispatcherTests.swift */,
				141DF3ED1F2E1A2100AC3EAD /* Info.plist */,
			);
			path = "AcapellaBot BLE DispatcherTests";
			sourceTree = "<group>";
		};
		141DF3F51F2E1A2200AC3EAD /* AcapellaBot BLE DispatcherUITests */ = {
			isa = PBXGroup;
			children = (
				141DF3F61F2E1A2200AC3EAD /* AcapellaBot_BLE_DispatcherUITests.swift */,
				141DF3F81F2E1A2200AC3EAD /* Info.plist */,
			);
			path = "AcapellaBot BLE DispatcherUITests";
			sourceTree = "<group>";
		};
		141DF4041F2E31E200AC3EAD /* Frameworks */ = {
			isa = PBXGroup;
			children = (
				75A856E17003FBB2A211D662 /* Pods_AcapellaBot_BLE_Dispatcher.framework */,
			);
			name = Frameworks;
			sourceTree = "<group>";
		};
		EB2EB1578BB089A8244EB4E1 /* Pods */ = {
			isa = PBXGroup;
			children = (
				09396697D6DC6D5A82D8D8F0 /* Pods-AcapellaBot BLE Dispatcher.debug.xcconfig */,
				FBB621478A899EE0516B9AD2 /* Pods-AcapellaBot BLE Dispatcher.release.xcconfig */,
			);
			name = Pods;
			sourceTree = "<group>";
		};
/* End PBXGroup section */

/* Begin PBXNativeTarget section */
		141DF3D51F2E1A2100AC3EAD /* AcapellaBot BLE Dispatcher */ = {
			isa = PBXNativeTarget;
			buildConfigurationList = 141DF3FB1F2E1A2200AC3EAD /* Build configuration list for PBXNativeTarget "AcapellaBot BLE Dispatcher" */;
			buildPhases = (
				E9365874440148D9FD9EAE33 /* [CP] Check Pods Manifest.lock */,
				141DF3D21F2E1A2100AC3EAD /* Sources */,
				141DF3D31F2E1A2100AC3EAD /* Frameworks */,
				141DF3D41F2E1A2100AC3EAD /* Resources */,
				4C933F6F2444C30D34B51E1F /* [CP] Embed Pods Frameworks */,
				DFA9689C59B682ED12FDBF10 /* [CP] Copy Pods Resources */,
			);
			buildRules = (
			);
			dependencies = (
			);
			name = "AcapellaBot BLE Dispatcher";
			productName = "AcapellaBot BLE Dispatcher";
			productReference = 141DF3D61F2E1A2100AC3EAD /* AcapellaBot BLE Dispatcher.app */;
			productType = "com.apple.product-type.application";
		};
		141DF3E61F2E1A2100AC3EAD /* AcapellaBot BLE DispatcherTests */ = {
			isa = PBXNativeTarget;
			buildConfigurationList = 141DF3FE1F2E1A2200AC3EAD /* Build configuration list for PBXNativeTarget "AcapellaBot BLE DispatcherTests" */;
			buildPhases = (
				141DF3E31F2E1A2100AC3EAD /* Sources */,
				141DF3E41F2E1A2100AC3EAD /* Frameworks */,
				141DF3E51F2E1A2100AC3EAD /* Resources */,
			);
			buildRules = (
			);
			dependencies = (
				141DF3E91F2E1A2100AC3EAD /* PBXTargetDependency */,
			);
			name = "AcapellaBot BLE DispatcherTests";
			productName = "AcapellaBot BLE DispatcherTests";
			productReference = 141DF3E71F2E1A2100AC3EAD /* AcapellaBot BLE DispatcherTests.xctest */;
			productType = "com.apple.product-type.bundle.unit-test";
		};
		141DF3F11F2E1A2100AC3EAD /* AcapellaBot BLE DispatcherUITests */ = {
			isa = PBXNativeTarget;
			buildConfigurationList = 141DF4011F2E1A2200AC3EAD /* Build configuration list for PBXNativeTarget "AcapellaBot BLE DispatcherUITests" */;
			buildPhases = (
				141DF3EE1F2E1A2100AC3EAD /* Sources */,
				141DF3EF1F2E1A2100AC3EAD /* Frameworks */,
				141DF3F01F2E1A2100AC3EAD /* Resources */,
			);
			buildRules = (
			);
			dependencies = (
				141DF3F41F2E1A2200AC3EAD /* PBXTargetDependency */,
			);
			name = "AcapellaBot BLE DispatcherUITests";
			productName = "AcapellaBot BLE DispatcherUITests";
			productReference = 141DF3F21F2E1A2200AC3EAD /* AcapellaBot BLE DispatcherUITests.xctest */;
			productType = "com.apple.product-type.bundle.ui-testing";
		};
/* End PBXNativeTarget section */

/* Begin PBXProject section */
		141DF3CE1F2E1A2100AC3EAD /* Project object */ = {
			isa = PBXProject;
			attributes = {
				LastSwiftUpdateCheck = 0830;
				LastUpgradeCheck = 0830;
				ORGANIZATIONNAME = "Sean Zhang";
				TargetAttributes = {
					141DF3D51F2E1A2100AC3EAD = {
						CreatedOnToolsVersion = 8.3.2;
						DevelopmentTeam = TF4XG3KZU7;
						ProvisioningStyle = Automatic;
					};
					141DF3E61F2E1A2100AC3EAD = {
						CreatedOnToolsVersion = 8.3.2;
						DevelopmentTeam = TF4XG3KZU7;
						ProvisioningStyle = Automatic;
						TestTargetID = 141DF3D51F2E1A2100AC3EAD;
					};
					141DF3F11F2E1A2100AC3EAD = {
						CreatedOnToolsVersion = 8.3.2;
						DevelopmentTeam = TF4XG3KZU7;
						ProvisioningStyle = Automatic;
						TestTargetID = 141DF3D51F2E1A2100AC3EAD;
					};
				};
			};
			buildConfigurationList = 141DF3D11F2E1A2100AC3EAD /* Build configuration list for PBXProject "AcapellaBot BLE Dispatcher" */;
			compatibilityVersion = "Xcode 3.2";
			developmentRegion = English;
			hasScannedForEncodings = 0;
			knownRegions = (
				en,
				Base,
			);
			mainGroup = 141DF3CD1F2E1A2100AC3EAD;
			productRefGroup = 141DF3D71F2E1A2100AC3EAD /* Products */;
			projectDirPath = "";
			projectRoot = "";
			targets = (
				141DF3D51F2E1A2100AC3EAD /* AcapellaBot BLE Dispatcher */,
				141DF3E61F2E1A2100AC3EAD /* AcapellaBot BLE DispatcherTests */,
				141DF3F11F2E1A2100AC3EAD /* AcapellaBot BLE DispatcherUITests */,
			);
		};
/* End PBXProject section */

/* Begin PBXResourcesBuildPhase section */
		141DF3D41F2E1A2100AC3EAD /* Resources */ = {
			isa = PBXResourcesBuildPhase;
			buildActionMask = 2147483647;
			files = (
				141DF3DE1F2E1A2100AC3EAD /* Assets.xcassets in Resources */,
				141DF3E11F2E1A2100AC3EAD /* Main.storyboard in Resources */,
			);
			runOnlyForDeploymentPostprocessing = 0;
		};
		141DF3E51F2E1A2100AC3EAD /* Resources */ = {
			isa = PBXResourcesBuildPhase;
			buildActionMask = 2147483647;
			files = (
			);
			runOnlyForDeploymentPostprocessing = 0;
		};
		141DF3F01F2E1A2100AC3EAD /* Resources */ = {
			isa = PBXResourcesBuildPhase;
			buildActionMask = 2147483647;
			files = (
			);
			runOnlyForDeploymentPostprocessing = 0;
		};
/* End PBXResourcesBuildPhase section */

/* Begin PBXShellScriptBuildPhase section */
		4C933F6F2444C30D34B51E1F /* [CP] Embed Pods Frameworks */ = {
			isa = PBXShellScriptBuildPhase;
			buildActionMask = 2147483647;
			files = (
			);
			inputPaths = (
			);
			name = "[CP] Embed Pods Frameworks";
			outputPaths = (
			);
			runOnlyForDeploymentPostprocessing = 0;
			shellPath = /bin/sh;
			shellScript = "\"${SRCROOT}/Pods/Target Support Files/Pods-AcapellaBot BLE Dispatcher/Pods-AcapellaBot BLE Dispatcher-frameworks.sh\"\n";
			showEnvVarsInLog = 0;
		};
		DFA9689C59B682ED12FDBF10 /* [CP] Copy Pods Resources */ = {
			isa = PBXShellScriptBuildPhase;
			buildActionMask = 2147483647;
			files = (
			);
			inputPaths = (
			);
			name = "[CP] Copy Pods Resources";
			outputPaths = (
			);
			runOnlyForDeploymentPostprocessing = 0;
			shellPath = /bin/sh;
			shellScript = "\"${SRCROOT}/Pods/Target Support Files/Pods-AcapellaBot BLE Dispatcher/Pods-AcapellaBot BLE Dispatcher-resources.sh\"\n";
			showEnvVarsInLog = 0;
		};
		E9365874440148D9FD9EAE33 /* [CP] Check Pods Manifest.lock */ = {
			isa = PBXShellScriptBuildPhase;
			buildActionMask = 2147483647;
			files = (
			);
			inputPaths = (
			);
			name = "[CP] Check Pods Manifest.lock";
			outputPaths = (
			);
			runOnlyForDeploymentPostprocessing = 0;
			shellPath = /bin/sh;
			shellScript = "diff \"${PODS_PODFILE_DIR_PATH}/Podfile.lock\" \"${PODS_ROOT}/Manifest.lock\" > /dev/null\nif [ $? != 0 ] ; then\n    # print error to STDERR\n    echo \"error: The sandbox is not in sync with the Podfile.lock. Run 'pod install' or update your CocoaPods installation.\" >&2\n    exit 1\nfi\n";
			showEnvVarsInLog = 0;
		};
/* End PBXShellScriptBuildPhase section */

/* Begin PBXSourcesBuildPhase section */
		141DF3D21F2E1A2100AC3EAD /* Sources */ = {
			isa = PBXSourcesBuildPhase;
			buildActionMask = 2147483647;
			files = (
				141DF3DC1F2E1A2100AC3EAD /* ViewController.swift in Sources */,
				141DF3DA1F2E1A2100AC3EAD /* AppDelegate.swift in Sources */,
			);
			runOnlyForDeploymentPostprocessing = 0;
		};
		141DF3E31F2E1A2100AC3EAD /* Sources */ = {
			isa = PBXSourcesBuildPhase;
			buildActionMask = 2147483647;
			files = (
				141DF3EC1F2E1A2100AC3EAD /* AcapellaBot_BLE_DispatcherTests.swift in Sources */,
			);
			runOnlyForDeploymentPostprocessing = 0;
		};
		141DF3EE1F2E1A2100AC3EAD /* Sources */ = {
			isa = PBXSourcesBuildPhase;
			buildActionMask = 2147483647;
			files = (
				141DF3F71F2E1A2200AC3EAD /* AcapellaBot_BLE_DispatcherUITests.swift in Sources */,
			);
			runOnlyForDeploymentPostprocessing = 0;
		};
/* End PBXSourcesBuildPhase section */

/* Begin PBXTargetDependency section */
		141DF3E91F2E1A2100AC3EAD /* PBXTargetDependency */ = {
			isa = PBXTargetDependency;
			target = 141DF3D51F2E1A2100AC3EAD /* AcapellaBot BLE Dispatcher */;
			targetProxy = 141DF3E81F2E1A2100AC3EAD /* PBXContainerItemProxy */;
		};
		141DF3F41F2E1A2200AC3EAD /* PBXTargetDependency */ = {
			isa = PBXTargetDependency;
			target = 141DF3D51F2E1A2100AC3EAD /* AcapellaBot BLE Dispatcher */;
			targetProxy = 141DF3F31F2E1A2200AC3EAD /* PBXContainerItemProxy */;
		};
/* End PBXTargetDependency section */

/* Begin PBXVariantGroup section */
		141DF3DF1F2E1A2100AC3EAD /* Main.storyboard */ = {
			isa = PBXVariantGroup;
			children = (
				141DF3E01F2E1A2100AC3EAD /* Base */,
			);
			name = Main.storyboard;
			sourceTree = "<group>";
		};
/* End PBXVariantGroup section */

/* Begin XCBuildConfiguration section */
		141DF3F91F2E1A2200AC3EAD /* Debug */ = {
			isa = XCBuildConfiguration;
			buildSettings = {
				ALWAYS_SEARCH_USER_PATHS = NO;
				CLANG_ANALYZER_NONNULL = YES;
				CLANG_ANALYZER_NUMBER_OBJECT_CONVERSION = YES_AGGRESSIVE;
				CLANG_CXX_LANGUAGE_STANDARD = "gnu++0x";
				CLANG_CXX_LIBRARY = "libc++";
				CLANG_ENABLE_MODULES = YES;
				CLANG_ENABLE_OBJC_ARC = YES;
				CLANG_WARN_BOOL_CONVERSION = YES;
				CLANG_WARN_CONSTANT_CONVERSION = YES;
				CLANG_WARN_DIRECT_OBJC_ISA_USAGE = YES_ERROR;
				CLANG_WARN_DOCUMENTATION_COMMENTS = YES;
				CLANG_WARN_EMPTY_BODY = YES;
				CLANG_WARN_ENUM_CONVERSION = YES;
				CLANG_WARN_INFINITE_RECURSION = YES;
				CLANG_WARN_INT_CONVERSION = YES;
				CLANG_WARN_OBJC_ROOT_CLASS = YES_ERROR;
				CLANG_WARN_SUSPICIOUS_MOVE = YES;
				CLANG_WARN_UNREACHABLE_CODE = YES;
				CLANG_WARN__DUPLICATE_METHOD_MATCH = YES;
				CODE_SIGN_IDENTITY = "-";
				COPY_PHASE_STRIP = NO;
				DEBUG_INFORMATION_FORMAT = dwarf;
				ENABLE_STRICT_OBJC_MSGSEND = YES;
				ENABLE_TESTABILITY = YES;
				GCC_C_LANGUAGE_STANDARD = gnu99;
				GCC_DYNAMIC_NO_PIC = NO;
				GCC_NO_COMMON_BLOCKS = YES;
				GCC_OPTIMIZATION_LEVEL = 0;
				GCC_PREPROCESSOR_DEFINITIONS = (
					"DEBUG=1",
					"$(inherited)",
				);
				GCC_WARN_64_TO_32_BIT_CONVERSION = YES;
				GCC_WARN_ABOUT_RETURN_TYPE = YES_ERROR;
				GCC_WARN_UNDECLARED_SELECTOR = YES;
				GCC_WARN_UNINITIALIZED_AUTOS = YES_AGGRESSIVE;
				GCC_WARN_UNUSED_FUNCTION = YES;
				GCC_WARN_UNUSED_VARIABLE = YES;
				MACOSX_DEPLOYMENT_TARGET = 10.12;
				MTL_ENABLE_DEBUG_INFO = YES;
				ONLY_ACTIVE_ARCH = YES;
				SDKROOT = macosx;
				SWIFT_ACTIVE_COMPILATION_CONDITIONS = DEBUG;
				SWIFT_OPTIMIZATION_LEVEL = "-Onone";
			};
			name = Debug;
		};
		141DF3FA1F2E1A2200AC3EAD /* Release */ = {
			isa = XCBuildConfiguration;
			buildSettings = {
				ALWAYS_SEARCH_USER_PATHS = NO;
				CLANG_ANALYZER_NONNULL = YES;
				CLANG_ANALYZER_NUMBER_OBJECT_CONVERSION = YES_AGGRESSIVE;
				CLANG_CXX_LANGUAGE_STANDARD = "gnu++0x";
				CLANG_CXX_LIBRARY = "libc++";
				CLANG_ENABLE_MODULES = YES;
				CLANG_ENABLE_OBJC_ARC = YES;
				CLANG_WARN_BOOL_CONVERSION = YES;
				CLANG_WARN_CONSTANT_CONVERSION = YES;
				CLANG_WARN_DIRECT_OBJC_ISA_USAGE = YES_ERROR;
				CLANG_WARN_DOCUMENTATION_COMMENTS = YES;
				CLANG_WARN_EMPTY_BODY = YES;
				CLANG_WARN_ENUM_CONVERSION = YES;
				CLANG_WARN_INFINITE_RECURSION = YES;
				CLANG_WARN_INT_CONVERSION = YES;
				CLANG_WARN_OBJC_ROOT_CLASS = YES_ERROR;
				CLANG_WARN_SUSPICIOUS_MOVE = YES;
				CLANG_WARN_UNREACHABLE_CODE = YES;
				CLANG_WARN__DUPLICATE_METHOD_MATCH = YES;
				CODE_SIGN_IDENTITY = "-";
				COPY_PHASE_STRIP = NO;
				DEBUG_INFORMATION_FORMAT = "dwarf-with-dsym";
				ENABLE_NS_ASSERTIONS = NO;
				ENABLE_STRICT_OBJC_MSGSEND = YES;
				GCC_C_LANGUAGE_STANDARD = gnu99;
				GCC_NO_COMMON_BLOCKS = YES;
				GCC_WARN_64_TO_32_BIT_CONVERSION = YES;
				GCC_WARN_ABOUT_RETURN_TYPE = YES_ERROR;
				GCC_WARN_UNDECLARED_SELECTOR = YES;
				GCC_WARN_UNINITIALIZED_AUTOS = YES_AGGRESSIVE;
				GCC_WARN_UNUSED_FUNCTION = YES;
				GCC_WARN_UNUSED_VARIABLE = YES;
				MACOSX_DEPLOYMENT_TARGET = 10.12;
				MTL_ENABLE_DEBUG_INFO = NO;
				SDKROOT = macosx;
				SWIFT_OPTIMIZATION_LEVEL = "-Owholemodule";
			};
			name = Release;
		};
		141DF3FC1F2E1A2200AC3EAD /* Debug */ = {
			isa = XCBuildConfiguration;
			baseConfigurationReference = 09396697D6DC6D5A82D8D8F0 /* Pods-AcapellaBot BLE Dispatcher.debug.xcconfig */;
			buildSettings = {
				ASSETCATALOG_COMPILER_APPICON_NAME = AppIcon;
				COMBINE_HIDPI_IMAGES = YES;
				DEVELOPMENT_TEAM = TF4XG3KZU7;
				FRAMEWORK_SEARCH_PATHS = (
					"$(inherited)",
					"$(PROJECT_DIR)",
				);
				INFOPLIST_FILE = "AcapellaBot BLE Dispatcher/Info.plist";
				LD_RUNPATH_SEARCH_PATHS = "$(inherited) @executable_path/../Frameworks";
				PRODUCT_BUNDLE_IDENTIFIER = "seanzhang.AcapellaBot-BLE-Dispatcher";
				PRODUCT_NAME = "$(TARGET_NAME)";
				SWIFT_VERSION = 3.0;
			};
			name = Debug;
		};
		141DF3FD1F2E1A2200AC3EAD /* Release */ = {
			isa = XCBuildConfiguration;
			baseConfigurationReference = FBB621478A899EE0516B9AD2 /* Pods-AcapellaBot BLE Dispatcher.release.xcconfig */;
			buildSettings = {
				ASSETCATALOG_COMPILER_APPICON_NAME = AppIcon;
				COMBINE_HIDPI_IMAGES = YES;
				DEVELOPMENT_TEAM = TF4XG3KZU7;
				FRAMEWORK_SEARCH_PATHS = (
					"$(inherited)",
					"$(PROJECT_DIR)",
				);
				INFOPLIST_FILE = "AcapellaBot BLE Dispatcher/Info.plist";
				LD_RUNPATH_SEARCH_PATHS = "$(inherited) @executable_path/../Frameworks";
				PRODUCT_BUNDLE_IDENTIFIER = "seanzhang.AcapellaBot-BLE-Dispatcher";
				PRODUCT_NAME = "$(TARGET_NAME)";
				SWIFT_VERSION = 3.0;
			};
			name = Release;
		};
		141DF3FF1F2E1A2200AC3EAD /* Debug */ = {
			isa = XCBuildConfiguration;
			buildSettings = {
				ALWAYS_EMBED_SWIFT_STANDARD_LIBRARIES = YES;
				BUNDLE_LOADER = "$(TEST_HOST)";
				COMBINE_HIDPI_IMAGES = YES;
				DEVELOPMENT_TEAM = TF4XG3KZU7;
				INFOPLIST_FILE = "AcapellaBot BLE DispatcherTests/Info.plist";
				LD_RUNPATH_SEARCH_PATHS = "$(inherited) @executable_path/../Frameworks @loader_path/../Frameworks";
				PRODUCT_BUNDLE_IDENTIFIER = "seanzhang.AcapellaBot-BLE-DispatcherTests";
				PRODUCT_NAME = "$(TARGET_NAME)";
				SWIFT_VERSION = 3.0;
				TEST_HOST = "$(BUILT_PRODUCTS_DIR)/AcapellaBot BLE Dispatcher.app/Contents/MacOS/AcapellaBot BLE Dispatcher";
			};
			name = Debug;
		};
		141DF4001F2E1A2200AC3EAD /* Release */ = {
			isa = XCBuildConfiguration;
			buildSettings = {
				ALWAYS_EMBED_SWIFT_STANDARD_LIBRARIES = YES;
				BUNDLE_LOADER = "$(TEST_HOST)";
				COMBINE_HIDPI_IMAGES = YES;
				DEVELOPMENT_TEAM = TF4XG3KZU7;
				INFOPLIST_FILE = "AcapellaBot BLE DispatcherTests/Info.plist";
				LD_RUNPATH_SEARCH_PATHS = "$(inherited) @executable_path/../Frameworks @loader_path/../Frameworks";
				PRODUCT_BUNDLE_IDENTIFIER = "seanzhang.AcapellaBot-BLE-DispatcherTests";
				PRODUCT_NAME = "$(TARGET_NAME)";
				SWIFT_VERSION = 3.0;
				TEST_HOST = "$(BUILT_PRODUCTS_DIR)/AcapellaBot BLE Dispatcher.app/Contents/MacOS/AcapellaBot BLE Dispatcher";
			};
			name = Release;
		};
		141DF4021F2E1A2200AC3EAD /* Debug */ = {
			isa = XCBuildConfiguration;
			buildSettings = {
				ALWAYS_EMBED_SWIFT_STANDARD_LIBRARIES = YES;
				COMBINE_HIDPI_IMAGES = YES;
				DEVELOPMENT_TEAM = TF4XG3KZU7;
				INFOPLIST_FILE = "AcapellaBot BLE DispatcherUITests/Info.plist";
				LD_RUNPATH_SEARCH_PATHS = "$(inherited) @executable_path/../Frameworks @loader_path/../Frameworks";
				PRODUCT_BUNDLE_IDENTIFIER = "seanzhang.AcapellaBot-BLE-DispatcherUITests";
				PRODUCT_NAME = "$(TARGET_NAME)";
				SWIFT_VERSION = 3.0;
				TEST_TARGET_NAME = "AcapellaBot BLE Dispatcher";
			};
			name = Debug;
		};
		141DF4031F2E1A2200AC3EAD /* Release */ = {
			isa = XCBuildConfiguration;
			buildSettings = {
				ALWAYS_EMBED_SWIFT_STANDARD_LIBRARIES = YES;
				COMBINE_HIDPI_IMAGES = YES;
				DEVELOPMENT_TEAM = TF4XG3KZU7;
				INFOPLIST_FILE = "AcapellaBot BLE DispatcherUITests/Info.plist";
				LD_RUNPATH_SEARCH_PATHS = "$(inherited) @executable_path/../Frameworks @loader_path/../Frameworks";
				PRODUCT_BUNDLE_IDENTIFIER = "seanzhang.AcapellaBot-BLE-DispatcherUITests";
				PRODUCT_NAME = "$(TARGET_NAME)";
				SWIFT_VERSION = 3.0;
				TEST_TARGET_NAME = "AcapellaBot BLE Dispatcher";
			};
			name = Release;
		};
/* End XCBuildConfiguration section */

/* Begin XCConfigurationList section */
		141DF3D11F2E1A2100AC3EAD /* Build configuration list for PBXProject "AcapellaBot BLE Dispatcher" */ = {
			isa = XCConfigurationList;
			buildConfigurations = (
				141DF3F91F2E1A2200AC3EAD /* Debug */,
				141DF3FA1F2E1A2200AC3EAD /* Release */,
			);
			defaultConfigurationIsVisible = 0;
			defaultConfigurationName = Release;
		};
		141DF3FB1F2E1A2200AC3EAD /* Build configuration list for PBXNativeTarget "AcapellaBot BLE Dispatcher" */ = {
			isa = XCConfigurationList;
			buildConfigurations = (
				141DF3FC1F2E1A2200AC3EAD /* Debug */,
				141DF3FD1F2E1A2200AC3EAD /* Release */,
			);
			defaultConfigurationIsVisible = 0;
		};
		141DF3FE1F2E1A2200AC3EAD /* Build configuration list for PBXNativeTarget "AcapellaBot BLE DispatcherTests" */ = {
			isa = XCConfigurationList;
			buildConfigurations = (
				141DF3FF1F2E1A2200AC3EAD /* Debug */,
				141DF4001F2E1A2200AC3EAD /* Release */,
			);
			defaultConfigurationIsVisible = 0;
		};
		141DF4011F2E1A2200AC3EAD /* Build configuration list for PBXNativeTarget "AcapellaBot BLE DispatcherUITests" */ = {
			isa = XCConfigurationList;
			buildConfigurations = (
				141DF4021F2E1A2200AC3EAD /* Debug */,
				141DF4031F2E1A2200AC3EAD /* Release */,
			);
			defaultConfigurationIsVisible = 0;
		};
/* End XCConfigurationList section */
	};
	rootObject = 141DF3CE1F2E1A2100AC3EAD /* Project object */;
}
